
Microsoft Visual Studio Solution File, Format Version 9.00
# Visual Studio 2005
Project("{8BC9CEB8-8B4A-11D0-8D11-00A0C91BC942}") = "scv", "scv\scv.vcproj", "{F71A70AB-631A-4CA5-96C4-5CCAE222835B}"
	ProjectSection(ProjectDependencies) = postProject
		{C4492F2C-966F-456D-BA8E-3BB6BB3C81A1} = {C4492F2C-966F-456D-BA8E-3BB6BB3C81A1}
		{6540E769-9369-4346-BC54-E5EA53EA8F62} = {6540E769-9369-4346-BC54-E5EA53EA8F62}
		{0803F2F0-EDFC-4FC7-BD1C-A57A507C3B3B} = {0803F2F0-EDFC-4FC7-BD1C-A57A507C3B3B}
		{A9873AD3-F1D2-4C81-A361-7236CA41602F} = {A9873AD3-F1D2-4C81-A361-7236CA41602F}
		{5096A355-8E9B-4F9E-B46F-3650E66BDBEC} = {5096A355-8E9B-4F9E-B46F-3650E66BDBEC}
		{F8F6394C-A8A0-4746-9EC0-13263553D0D8} = {F8F6394C-A8A0-4746-9EC0-13263553D0D8}
	EndProjectSection
EndProject
Project("{8BC9CEB8-8B4A-11D0-8D11-00A0C91BC942}") = "cudd", "cudd\cudd.vcproj", "{F8F6394C-A8A0-4746-9EC0-13263553D0D8}"
EndProject
Project("{8BC9CEB8-8B4A-11D0-8D11-00A0C91BC942}") = "dddmp", "dddmp\dddmp.vcproj", "{C4492F2C-966F-456D-BA8E-3BB6BB3C81A1}"
EndProject
Project("{8BC9CEB8-8B4A-11D0-8D11-00A0C91BC942}") = "mtr", "mtr\mtr.vcproj", "{A9873AD3-F1D2-4C81-A361-7236CA41602F}"
EndProject
Project("{8BC9CEB8-8B4A-11D0-8D11-00A0C91BC942}") = "st", "st\st.vcproj", "{0803F2F0-EDFC-4FC7-BD1C-A57A507C3B3B}"
EndProject
Project("{8BC9CEB8-8B4A-11D0-8D11-00A0C91BC942}") = "util", "util\util.vcproj", "{5096A355-8E9B-4F9E-B46F-3650E66BDBEC}"
EndProject
Project("{8BC9CEB8-8B4A-11D0-8D11-00A0C91BC942}") = "obj", "obj\obj.vcproj", "{6540E769-9369-4346-BC54-E5EA53EA8F62}"
EndProject
Global
	GlobalSection(SolutionConfigurationPlatforms) = preSolution
		Debug|Win32 = Debug|Win32
		Debug|x64 = Debug|x64
		Release|Win32 = Release|Win32
		Release|x64 = Release|x64
	EndGlobalSection
	GlobalSection(ProjectConfigurationPlatforms) = postSolution
		{F71A70AB-631A-4CA5-96C4-5CCAE222835B}.Debug|Win32.ActiveCfg = Debug|Win32
		{F71A70AB-631A-4CA5-96C4-5CCAE222835B}.Debug|Win32.Build.0 = Debug|Win32
		{F71A70AB-631A-4CA5-96C4-5CCAE222835B}.Debug|x64.ActiveCfg = Debug|x64
		{F71A70AB-631A-4CA5-96C4-5CCAE222835B}.Debug|x64.Build.0 = Debug|x64
		{F71A70AB-631A-4CA5-96C4-5CCAE222835B}.Release|Win32.ActiveCfg = Release|Win32
		{F71A70AB-631A-4CA5-96C4-5CCAE222835B}.Release|Win32.Build.0 = Release|Win32
		{F71A70AB-631A-4CA5-96C4-5CCAE222835B}.Release|x64.ActiveCfg = Release|x64
		{F71A70AB-631A-4CA5-96C4-5CCAE222835B}.Release|x64.Build.0 = Release|x64
		{F8F6394C-A8A0-4746-9EC0-13263553D0D8}.Debug|Win32.ActiveCfg = Debug|Win32
		{F8F6394C-A8A0-4746-9EC0-13263553D0D8}.Debug|Win32.Build.0 = Debug|Win32
		{F8F6394C-A8A0-4746-9EC0-13263553D0D8}.Debug|x64.ActiveCfg = Debug|x64
		{F8F6394C-A8A0-4746-9EC0-13263553D0D8}.Debug|x64.Build.0 = Debug|x64
		{F8F6394C-A8A0-4746-9EC0-13263553D0D8}.Release|Win32.ActiveCfg = Release|Win32
		{F8F6394C-A8A0-4746-9EC0-13263553D0D8}.Release|Win32.Build.0 = Release|Win32
		{F8F6394C-A8A0-4746-9EC0-13263553D0D8}.Release|x64.ActiveCfg = Release|x64
		{F8F6394C-A8A0-4746-9EC0-13263553D0D8}.Release|x64.Build.0 = Release|x64
		{C4492F2C-966F-456D-BA8E-3BB6BB3C81A1}.Debug|Win32.ActiveCfg = Debug|Win32
		{C4492F2C-966F-456D-BA8E-3BB6BB3C81A1}.Debug|Win32.Build.0 = Debug|Win32
		{C4492F2C-966F-456D-BA8E-3BB6BB3C81A1}.Debug|x64.ActiveCfg = Debug|x64
		{C4492F2C-966F-456D-BA8E-3BB6BB3C81A1}.Debug|x64.Build.0 = Debug|x64
		{C4492F2C-966F-456D-BA8E-3BB6BB3C81A1}.Release|Win32.ActiveCfg = Release|Win32
		{C4492F2C-966F-456D-BA8E-3BB6BB3C81A1}.Release|Win32.Build.0 = Release|Win32
		{C4492F2C-966F-456D-BA8E-3BB6BB3C81A1}.Release|x64.ActiveCfg = Release|x64
		{C4492F2C-966F-456D-BA8E-3BB6BB3C81A1}.Release|x64.Build.0 = Release|x64
		{A9873AD3-F1D2-4C81-A361-7236CA41602F}.Debug|Win32.ActiveCfg = Debug|Win32
		{A9873AD3-F1D2-4C81-A361-7236CA41602F}.Debug|Win32.Build.0 = Debug|Win32
		{A9873AD3-F1D2-4C81-A361-7236CA41602F}.Debug|x64.ActiveCfg = Debug|x64
		{A9873AD3-F1D2-4C81-A361-7236CA41602F}.Debug|x64.Build.0 = Debug|x64
		{A9873AD3-F1D2-4C81-A361-7236CA41602F}.Release|Win32.ActiveCfg = Release|Win32
		{A9873AD3-F1D2-4C81-A361-7236CA41602F}.Release|Win32.Build.0 = Release|Win32
		{A9873AD3-F1D2-4C81-A361-7236CA41602F}.Release|x64.ActiveCfg = Release|x64
		{A9873AD3-F1D2-4C81-A361-7236CA41602F}.Release|x64.Build.0 = Release|x64
		{0803F2F0-EDFC-4FC7-BD1C-A57A507C3B3B}.Debug|Win32.ActiveCfg = Debug|Win32
		{0803F2F0-EDFC-4FC7-BD1C-A57A507C3B3B}.Debug|Win32.Build.0 = Debug|Win32
		{0803F2F0-EDFC-4FC7-BD1C-A57A507C3B3B}.Debug|x64.ActiveCfg = Debug|x64
		{0803F2F0-EDFC-4FC7-BD1C-A57A507C3B3B}.Debug|x64.Build.0 = Debug|x64
		{0803F2F0-EDFC-4FC7-BD1C-A57A507C3B3B}.Release|Win32.ActiveCfg = Release|Win32
		{0803F2F0-EDFC-4FC7-BD1C-A57A507C3B3B}.Release|Win32.Build.0 = Release|Win32
		{0803F2F0-EDFC-4FC7-BD1C-A57A507C3B3B}.Release|x64.ActiveCfg = Release|x64
		{0803F2F0-EDFC-4FC7-BD1C-A57A507C3B3B}.Release|x64.Build.0 = Release|x64
		{5096A355-8E9B-4F9E-B46F-3650E66BDBEC}.Debug|Win32.ActiveCfg = Debug|Win32
		{5096A355-8E9B-4F9E-B46F-3650E66BDBEC}.Debug|Win32.Build.0 = Debug|Win32
		{5096A355-8E9B-4F9E-B46F-3650E66BDBEC}.Debug|x64.ActiveCfg = Debug|x64
		{5096A355-8E9B-4F9E-B46F-3650E66BDBEC}.Debug|x64.Build.0 = Debug|x64
		{5096A355-8E9B-4F9E-B46F-3650E66BDBEC}.Release|Win32.ActiveCfg = Release|Win32
		{5096A355-8E9B-4F9E-B46F-3650E66BDBEC}.Release|Win32.Build.0 = Release|Win32
		{5096A355-8E9B-4F9E-B46F-3650E66BDBEC}.Release|x64.ActiveCfg = Release|x64
		{5096A355-8E9B-4F9E-B46F-3650E66BDBEC}.Release|x64.Build.0 = Release|x64
		{6540E769-9369-4346-BC54-E5EA53EA8F62}.Debug|Win32.ActiveCfg = Debug|Win32
		{6540E769-9369-4346-BC54-E5EA53EA8F62}.Debug|Win32.Build.0 = Debug|Win32
		{6540E769-9369-4346-BC54-E5EA53EA8F62}.Debug|x64.ActiveCfg = Debug|x64
		{6540E769-9369-4346-BC54-E5EA53EA8F62}.Debug|x64.Build.0 = Debug|x64
		{6540E769-9369-4346-BC54-E5EA53EA8F62}.Release|Win32.ActiveCfg = Release|Win32
		{6540E769-9369-4346-BC54-E5EA53EA8F62}.Release|Win32.Build.0 = Release|Win32
		{6540E769-9369-4346-BC54-E5EA53EA8F62}.Release|x64.ActiveCfg = Release|x64
		{6540E769-9369-4346-BC54-E5EA53EA8F62}.Release|x64.Build.0 = Release|x64
	EndGlobalSection
	GlobalSection(SolutionProperties) = preSolution
		HideSolutionNode = FALSE
	EndGlobalSection
EndGlobal
