
Microsoft Visual Studio Solution File, Format Version 9.00
# Visual Studio 2005
Project("{8BC9CEB8-8B4A-11D0-8D11-00A0C91BC942}") = "VS2005", "VS2005\VS2005.vcproj", "{172B7F14-CA5B-4407-B435-8F1311475C4A}"
EndProject
Global
	GlobalSection(SolutionConfigurationPlatforms) = preSolution
		Debug|Win32 = Debug|Win32
		Release|Win32 = Release|Win32
	EndGlobalSection
	GlobalSection(ProjectConfigurationPlatforms) = postSolution
		{172B7F14-CA5B-4407-B435-8F1311475C4A}.Debug|Win32.ActiveCfg = Debug|Win32
		{172B7F14-CA5B-4407-B435-8F1311475C4A}.Debug|Win32.Build.0 = Debug|Win32
		{172B7F14-CA5B-4407-B435-8F1311475C4A}.Release|Win32.ActiveCfg = Release|Win32
		{172B7F14-CA5B-4407-B435-8F1311475C4A}.Release|Win32.Build.0 = Release|Win32
	EndGlobalSection
	GlobalSection(SolutionProperties) = preSolution
		HideSolutionNode = FALSE
	EndGlobalSection
EndGlobal
