
Microsoft Visual Studio Solution File, Format Version 10.00
# Visual Studio 2008
Project("{8BC9CEB8-8B4A-11D0-8D11-00A0C91BC942}") = "VS2008", "VS2008.vcproj", "{8A16D853-3ACB-4644-8BEF-427CEC2B0B2D}"
EndProject
Global
	GlobalSection(SolutionConfigurationPlatforms) = preSolution
		Debug|Win32 = Debug|Win32
		Release|Win32 = Release|Win32
	EndGlobalSection
	GlobalSection(ProjectConfigurationPlatforms) = postSolution
		{8A16D853-3ACB-4644-8BEF-427CEC2B0B2D}.Debug|Win32.ActiveCfg = Debug|Win32
		{8A16D853-3ACB-4644-8BEF-427CEC2B0B2D}.Debug|Win32.Build.0 = Debug|Win32
		{8A16D853-3ACB-4644-8BEF-427CEC2B0B2D}.Release|Win32.ActiveCfg = Release|Win32
		{8A16D853-3ACB-4644-8BEF-427CEC2B0B2D}.Release|Win32.Build.0 = Release|Win32
	EndGlobalSection
	GlobalSection(SolutionProperties) = preSolution
		HideSolutionNode = FALSE
	EndGlobalSection
EndGlobal
